// !$*UTF8*$!
{
	archiveVersion = 1;
	classes = {
	};
	objectVersion = 46;
	objects = {

/* Begin PBXBuildFile section */
		768FFCA51DCD4FAF005A788C /* AppDelegate.swift in Sources */ = {isa = PBXBuildFile; fileRef = 768FFCA41DCD4FAF005A788C /* AppDelegate.swift */; };
		768FFCA71DCD4FAF005A788C /* ViewController.swift in Sources */ = {isa = PBXBuildFile; fileRef = 768FFCA61DCD4FAF005A788C /* ViewController.swift */; };
		768FFCAA1DCD4FAF005A788C /* Main.storyboard in Resources */ = {isa = PBXBuildFile; fileRef = 768FFCA81DCD4FAF005A788C /* Main.storyboard */; };
		768FFCAC1DCD4FAF005A788C /* Assets.xcassets in Resources */ = {isa = PBXBuildFile; fileRef = 768FFCAB1DCD4FAF005A788C /* Assets.xcassets */; };
		768FFCAF1DCD4FAF005A788C /* LaunchScreen.storyboard in Resources */ = {isa = PBXBuildFile; fileRef = 768FFCAD1DCD4FAF005A788C /* LaunchScreen.storyboard */; };
		768FFCBC1DCD5022005A788C /* FBAudienceNetwork.framework in Frameworks */ = {isa = PBXBuildFile; fileRef = 768FFCB61DCD5022005A788C /* FBAudienceNetwork.framework */; };
		768FFCBD1DCD5022005A788C /* FBNotifications.framework in Frameworks */ = {isa = PBXBuildFile; fileRef = 768FFCB71DCD5022005A788C /* FBNotifications.framework */; };
		768FFCBE1DCD5022005A788C /* FBSDKCoreKit.framework in Frameworks */ = {isa = PBXBuildFile; fileRef = 768FFCB81DCD5022005A788C /* FBSDKCoreKit.framework */; };
		768FFCBF1DCD5022005A788C /* FBSDKLoginKit.framework in Frameworks */ = {isa = PBXBuildFile; fileRef = 768FFCB91DCD5022005A788C /* FBSDKLoginKit.framework */; };
		768FFCC01DCD5022005A788C /* FBSDKMessengerShareKit.framework in Frameworks */ = {isa = PBXBuildFile; fileRef = 768FFCBA1DCD5022005A788C /* FBSDKMessengerShareKit.framework */; };
		768FFCC11DCD5022005A788C /* FBSDKShareKit.framework in Frameworks */ = {isa = PBXBuildFile; fileRef = 768FFCBB1DCD5022005A788C /* FBSDKShareKit.framework */; };
		768FFCC31DCD5036005A788C /* AccountKit.framework in Frameworks */ = {isa = PBXBuildFile; fileRef = 768FFCC21DCD5036005A788C /* AccountKit.framework */; };
		768FFCC51DCD5041005A788C /* Bolts.framework in Frameworks */ = {isa = PBXBuildFile; fileRef = 768FFCC41DCD5041005A788C /* Bolts.framework */; };
/* End PBXBuildFile section */

/* Begin PBXFileReference section */
		768FFCA11DCD4FAF005A788C /* LoginFB.app */ = {isa = PBXFileReference; explicitFileType = wrapper.application; includeInIndex = 0; path = LoginFB.app; sourceTree = BUILT_PRODUCTS_DIR; };
		768FFCA41DCD4FAF005A788C /* AppDelegate.swift */ = {isa = PBXFileReference; lastKnownFileType = sourcecode.swift; path = AppDelegate.swift; sourceTree = "<group>"; };
		768FFCA61DCD4FAF005A788C /* ViewController.swift */ = {isa = PBXFileReference; lastKnownFileType = sourcecode.swift; path = ViewController.swift; sourceTree = "<group>"; };
		768FFCA91DCD4FAF005A788C /* Base */ = {isa = PBXFileReference; lastKnownFileType = file.storyboard; name = Base; path = Base.lproj/Main.storyboard; sourceTree = "<group>"; };
		768FFCAB1DCD4FAF005A788C /* Assets.xcassets */ = {isa = PBXFileReference; lastKnownFileType = folder.assetcatalog; path = Assets.xcassets; sourceTree = "<group>"; };
		768FFCAE1DCD4FAF005A788C /* Base */ = {isa = PBXFileReference; lastKnownFileType = file.storyboard; name = Base; path = Base.lproj/LaunchScreen.storyboard; sourceTree = "<group>"; };
		768FFCB01DCD4FAF005A788C /* Info.plist */ = {isa = PBXFileReference; lastKnownFileType = text.plist.xml; path = Info.plist; sourceTree = "<group>"; };
		768FFCB61DCD5022005A788C /* FBAudienceNetwork.framework */ = {isa = PBXFileReference; lastKnownFileType = wrapper.framework; name = FBAudienceNetwork.framework; path = "../../FacebookSDKs-iOS-4.17.0/FBAudienceNetwork.framework"; sourceTree = "<group>"; };
		768FFCB71DCD5022005A788C /* FBNotifications.framework */ = {isa = PBXFileReference; lastKnownFileType = wrapper.framework; name = FBNotifications.framework; path = "../../FacebookSDKs-iOS-4.17.0/FBNotifications.framework"; sourceTree = "<group>"; };
		768FFCB81DCD5022005A788C /* FBSDKCoreKit.framework */ = {isa = PBXFileReference; lastKnownFileType = wrapper.framework; name = FBSDKCoreKit.framework; path = "../../FacebookSDKs-iOS-4.17.0/FBSDKCoreKit.framework"; sourceTree = "<group>"; };
		768FFCB91DCD5022005A788C /* FBSDKLoginKit.framework */ = {isa = PBXFileReference; lastKnownFileType = wrapper.framework; name = FBSDKLoginKit.framework; path = "../../FacebookSDKs-iOS-4.17.0/FBSDKLoginKit.framework"; sourceTree = "<group>"; };
		768FFCBA1DCD5022005A788C /* FBSDKMessengerShareKit.framework */ = {isa = PBXFileReference; lastKnownFileType = wrapper.framework; name = FBSDKMessengerShareKit.framework; path = "../../FacebookSDKs-iOS-4.17.0/FBSDKMessengerShareKit.framework"; sourceTree = "<group>"; };
		768FFCBB1DCD5022005A788C /* FBSDKShareKit.framework */ = {isa = PBXFileReference; lastKnownFileType = wrapper.framework; name = FBSDKShareKit.framework; path = "../../FacebookSDKs-iOS-4.17.0/FBSDKShareKit.framework"; sourceTree = "<group>"; };
		768FFCC21DCD5036005A788C /* AccountKit.framework */ = {isa = PBXFileReference; lastKnownFileType = wrapper.framework; name = AccountKit.framework; path = "../../FacebookSDKs-iOS-4.17.0/AccountKit.framework"; sourceTree = "<group>"; };
		768FFCC41DCD5041005A788C /* Bolts.framework */ = {isa = PBXFileReference; lastKnownFileType = wrapper.framework; name = Bolts.framework; path = "../../FacebookSDKs-iOS-4.17.0/Bolts.framework"; sourceTree = "<group>"; };
		768FFCC61DCD53C9005A788C /* BridgeHeader.h */ = {isa = PBXFileReference; lastKnownFileType = sourcecode.c.h; path = BridgeHeader.h; sourceTree = "<group>"; };
		768FFCC71DCD7BEB005A788C /* LoginFB.entitlements */ = {isa = PBXFileReference; lastKnownFileType = text.xml; path = LoginFB.entitlements; sourceTree = "<group>"; };
/* End PBXFileReference section */

/* Begin PBXFrameworksBuildPhase section */
		768FFC9E1DCD4FAF005A788C /* Frameworks */ = {
			isa = PBXFrameworksBuildPhase;
			buildActionMask = 2147483647;
			files = (
				768FFCBC1DCD5022005A788C /* FBAudienceNetwork.framework in Frameworks */,
				768FFCBE1DCD5022005A788C /* FBSDKCoreKit.framework in Frameworks */,
				768FFCC31DCD5036005A788C /* AccountKit.framework in Frameworks */,
				768FFCC11DCD5022005A788C /* FBSDKShareKit.framework in Frameworks */,
				768FFCC01DCD5022005A788C /* FBSDKMessengerShareKit.framework in Frameworks */,
				768FFCBF1DCD5022005A788C /* FBSDKLoginKit.framework in Frameworks */,
				768FFCBD1DCD5022005A788C /* FBNotifications.framework in Frameworks */,
				768FFCC51DCD5041005A788C /* Bolts.framework in Frameworks */,
			);
			runOnlyForDeploymentPostprocessing = 0;
		};
/* End PBXFrameworksBuildPhase section */

/* Begin PBXGroup section */
		768FFC981DCD4FAF005A788C = {
			isa = PBXGroup;
			children = (
				768FFCC41DCD5041005A788C /* Bolts.framework */,
				768FFCC21DCD5036005A788C /* AccountKit.framework */,
				768FFCB61DCD5022005A788C /* FBAudienceNetwork.framework */,
				768FFCB71DCD5022005A788C /* FBNotifications.framework */,
				768FFCB81DCD5022005A788C /* FBSDKCoreKit.framework */,
				768FFCB91DCD5022005A788C /* FBSDKLoginKit.framework */,
				768FFCBA1DCD5022005A788C /* FBSDKMessengerShareKit.framework */,
				768FFCBB1DCD5022005A788C /* FBSDKShareKit.framework */,
				768FFCA31DCD4FAF005A788C /* LoginFB */,
				768FFCA21DCD4FAF005A788C /* Products */,
			);
			sourceTree = "<group>";
		};
		768FFCA21DCD4FAF005A788C /* Products */ = {
			isa = PBXGroup;
			children = (
				768FFCA11DCD4FAF005A788C /* LoginFB.app */,
			);
			name = Products;
			sourceTree = "<group>";
		};
		768FFCA31DCD4FAF005A788C /* LoginFB */ = {
			isa = PBXGroup;
			children = (
				768FFCC71DCD7BEB005A788C /* LoginFB.entitlements */,
				768FFCA41DCD4FAF005A788C /* AppDelegate.swift */,
				768FFCA61DCD4FAF005A788C /* ViewController.swift */,
				768FFCA81DCD4FAF005A788C /* Main.storyboard */,
				768FFCAB1DCD4FAF005A788C /* Assets.xcassets */,
				768FFCAD1DCD4FAF005A788C /* LaunchScreen.storyboard */,
				768FFCB01DCD4FAF005A788C /* Info.plist */,
				768FFCC61DCD53C9005A788C /* BridgeHeader.h */,
			);
			path = LoginFB;
			sourceTree = "<group>";
		};
/* End PBXGroup section */

/* Begin PBXNativeTarget section */
		768FFCA01DCD4FAF005A788C /* LoginFB */ = {
			isa = PBXNativeTarget;
			buildConfigurationList = 768FFCB31DCD4FAF005A788C /* Build configuration list for PBXNativeTarget "LoginFB" */;
			buildPhases = (
				768FFC9D1DCD4FAF005A788C /* Sources */,
				768FFC9E1DCD4FAF005A788C /* Frameworks */,
				768FFC9F1DCD4FAF005A788C /* Resources */,
			);
			buildRules = (
			);
			dependencies = (
			);
			name = LoginFB;
			productName = LoginFB;
			productReference = 768FFCA11DCD4FAF005A788C /* LoginFB.app */;
			productType = "com.apple.product-type.application";
		};
/* End PBXNativeTarget section */

/* Begin PBXProject section */
		768FFC991DCD4FAF005A788C /* Project object */ = {
			isa = PBXProject;
			attributes = {
				LastSwiftUpdateCheck = 0730;
				LastUpgradeCheck = 0730;
				ORGANIZATIONNAME = "Raymundo Peralta";
				TargetAttributes = {
					768FFCA01DCD4FAF005A788C = {
						CreatedOnToolsVersion = 7.3.1;
						DevelopmentTeam = QE6F47T37T;
						SystemCapabilities = {
							com.apple.Keychain = {
								enabled = 1;
							};
						};
					};
				};
			};
			buildConfigurationList = 768FFC9C1DCD4FAF005A788C /* Build configuration list for PBXProject "LoginFB" */;
			compatibilityVersion = "Xcode 3.2";
			developmentRegion = English;
			hasScannedForEncodings = 0;
			knownRegions = (
				en,
				Base,
			);
			mainGroup = 768FFC981DCD4FAF005A788C;
			productRefGroup = 768FFCA21DCD4FAF005A788C /* Products */;
			projectDirPath = "";
			projectRoot = "";
			targets = (
				768FFCA01DCD4FAF005A788C /* LoginFB */,
			);
		};
/* End PBXProject section */

/* Begin PBXResourcesBuildPhase section */
		768FFC9F1DCD4FAF005A788C /* Resources */ = {
			isa = PBXResourcesBuildPhase;
			buildActionMask = 2147483647;
			files = (
				768FFCAF1DCD4FAF005A788C /* LaunchScreen.storyboard in Resources */,
				768FFCAC1DCD4FAF005A788C /* Assets.xcassets in Resources */,
				768FFCAA1DCD4FAF005A788C /* Main.storyboard in Resources */,
			);
			runOnlyForDeploymentPostprocessing = 0;
		};
/* End PBXResourcesBuildPhase section */

/* Begin PBXSourcesBuildPhase section */
		768FFC9D1DCD4FAF005A788C /* Sources */ = {
			isa = PBXSourcesBuildPhase;
			buildActionMask = 2147483647;
			files = (
				768FFCA71DCD4FAF005A788C /* ViewController.swift in Sources */,
				768FFCA51DCD4FAF005A788C /* AppDelegate.swift in Sources */,
			);
			runOnlyForDeploymentPostprocessing = 0;
		};
/* End PBXSourcesBuildPhase section */

/* Begin PBXVariantGroup section */
		768FFCA81DCD4FAF005A788C /* Main.storyboard */ = {
			isa = PBXVariantGroup;
			children = (
				768FFCA91DCD4FAF005A788C /* Base */,
			);
			name = Main.storyboard;
			sourceTree = "<group>";
		};
		768FFCAD1DCD4FAF005A788C /* LaunchScreen.storyboard */ = {
			isa = PBXVariantGroup;
			children = (
				768FFCAE1DCD4FAF005A788C /* Base */,
			);
			name = LaunchScreen.storyboard;
			sourceTree = "<group>";
		};
/* End PBXVariantGroup section */

/* Begin XCBuildConfiguration section */
		768FFCB11DCD4FAF005A788C /* Debug */ = {
			isa = XCBuildConfiguration;
			buildSettings = {
				ALWAYS_SEARCH_USER_PATHS = NO;
				CLANG_ANALYZER_NONNULL = YES;
				CLANG_CXX_LANGUAGE_STANDARD = "gnu++0x";
				CLANG_CXX_LIBRARY = "libc++";
				CLANG_ENABLE_MODULES = YES;
				CLANG_ENABLE_OBJC_ARC = YES;
				CLANG_WARN_BOOL_CONVERSION = YES;
				CLANG_WARN_CONSTANT_CONVERSION = YES;
				CLANG_WARN_DIRECT_OBJC_ISA_USAGE = YES_ERROR;
				CLANG_WARN_EMPTY_BODY = YES;
				CLANG_WARN_ENUM_CONVERSION = YES;
				CLANG_WARN_INT_CONVERSION = YES;
				CLANG_WARN_OBJC_ROOT_CLASS = YES_ERROR;
				CLANG_WARN_UNREACHABLE_CODE = YES;
				CLANG_WARN__DUPLICATE_METHOD_MATCH = YES;
				"CODE_SIGN_IDENTITY[sdk=iphoneos*]" = "iPhone Developer";
				COPY_PHASE_STRIP = NO;
				DEBUG_INFORMATION_FORMAT = dwarf;
				ENABLE_STRICT_OBJC_MSGSEND = YES;
				ENABLE_TESTABILITY = YES;
				GCC_C_LANGUAGE_STANDARD = gnu99;
				GCC_DYNAMIC_NO_PIC = NO;
				GCC_NO_COMMON_BLOCKS = YES;
				GCC_OPTIMIZATION_LEVEL = 0;
				GCC_PREPROCESSOR_DEFINITIONS = (
					"DEBUG=1",
					"$(inherited)",
				);
				GCC_WARN_64_TO_32_BIT_CONVERSION = YES;
				GCC_WARN_ABOUT_RETURN_TYPE = YES_ERROR;
				GCC_WARN_UNDECLARED_SELECTOR = YES;
				GCC_WARN_UNINITIALIZED_AUTOS = YES_AGGRESSIVE;
				GCC_WARN_UNUSED_FUNCTION = YES;
				GCC_WARN_UNUSED_VARIABLE = YES;
				IPHONEOS_DEPLOYMENT_TARGET = 9.3;
				MTL_ENABLE_DEBUG_INFO = YES;
				ONLY_ACTIVE_ARCH = YES;
				SDKROOT = iphoneos;
				SWIFT_OPTIMIZATION_LEVEL = "-Onone";
				TARGETED_DEVICE_FAMILY = "1,2";
			};
			name = Debug;
		};
		768FFCB21DCD4FAF005A788C /* Release */ = {
			isa = XCBuildConfiguration;
			buildSettings = {
				ALWAYS_SEARCH_USER_PATHS = NO;
				CLANG_ANALYZER_NONNULL = YES;
				CLANG_CXX_LANGUAGE_STANDARD = "gnu++0x";
				CLANG_CXX_LIBRARY = "libc++";
				CLANG_ENABLE_MODULES = YES;
				CLANG_ENABLE_OBJC_ARC = YES;
				CLANG_WARN_BOOL_CONVERSION = YES;
				CLANG_WARN_CONSTANT_CONVERSION = YES;
				CLANG_WARN_DIRECT_OBJC_ISA_USAGE = YES_ERROR;
				CLANG_WARN_EMPTY_BODY = YES;
				CLANG_WARN_ENUM_CONVERSION = YES;
				CLANG_WARN_INT_CONVERSION = YES;
				CLANG_WARN_OBJC_ROOT_CLASS = YES_ERROR;
				CLANG_WARN_UNREACHABLE_CODE = YES;
				CLANG_WARN__DUPLICATE_METHOD_MATCH = YES;
				"CODE_SIGN_IDENTITY[sdk=iphoneos*]" = "iPhone Developer";
				COPY_PHASE_STRIP = NO;
				DEBUG_INFORMATION_FORMAT = "dwarf-with-dsym";
				ENABLE_NS_ASSERTIONS = NO;
				ENABLE_STRICT_OBJC_MSGSEND = YES;
				GCC_C_LANGUAGE_STANDARD = gnu99;
				GCC_NO_COMMON_BLOCKS = YES;
				GCC_WARN_64_TO_32_BIT_CONVERSION = YES;
				GCC_WARN_ABOUT_RETURN_TYPE = YES_ERROR;
				GCC_WARN_UNDECLARED_SELECTOR = YES;
				GCC_WARN_UNINITIALIZED_AUTOS = YES_AGGRESSIVE;
				GCC_WARN_UNUSED_FUNCTION = YES;
				GCC_WARN_UNUSED_VARIABLE = YES;
				IPHONEOS_DEPLOYMENT_TARGET = 9.3;
				MTL_ENABLE_DEBUG_INFO = NO;
				SDKROOT = iphoneos;
				TARGETED_DEVICE_FAMILY = "1,2";
				VALIDATE_PRODUCT = YES;
			};
			name = Release;
		};
		768FFCB41DCD4FAF005A788C /* Debug */ = {
			isa = XCBuildConfiguration;
			buildSettings = {
				ASSETCATALOG_COMPILER_APPICON_NAME = AppIcon;
				CODE_SIGN_ENTITLEMENTS = LoginFB/LoginFB.entitlements;
				FRAMEWORK_SEARCH_PATHS = "/Users/rayo/FacebookSDKs-iOS-4.17.0";
				"FRAMEWORK_SEARCH_PATHS[arch=*]" = "/Users/rayo/FacebookSDKs-iOS-4.17.0";
				INFOPLIST_FILE = LoginFB/Info.plist;
				LD_RUNPATH_SEARCH_PATHS = "$(inherited) @executable_path/Frameworks";
				PRODUCT_BUNDLE_IDENTIFIER = mx.PeraltaRaymundo.LoginFB;
				PRODUCT_NAME = "$(TARGET_NAME)";
				SWIFT_OBJC_BRIDGING_HEADER = LoginFB/BridgeHeader.h;
			};
			name = Debug;
		};
		768FFCB51DCD4FAF005A788C /* Release */ = {
			isa = XCBuildConfiguration;
			buildSettings = {
				ASSETCATALOG_COMPILER_APPICON_NAME = AppIcon;
				CODE_SIGN_ENTITLEMENTS = LoginFB/LoginFB.entitlements;
				FRAMEWORK_SEARCH_PATHS = "/Users/rayo/FacebookSDKs-iOS-4.17.0";
				"FRAMEWORK_SEARCH_PATHS[arch=*]" = "/Users/rayo/FacebookSDKs-iOS-4.17.0";
				INFOPLIST_FILE = LoginFB/Info.plist;
				LD_RUNPATH_SEARCH_PATHS = "$(inherited) @executable_path/Frameworks";
				PRODUCT_BUNDLE_IDENTIFIER = mx.PeraltaRaymundo.LoginFB;
				PRODUCT_NAME = "$(TARGET_NAME)";
				SWIFT_OBJC_BRIDGING_HEADER = LoginFB/BridgeHeader.h;
			};
			name = Release;
		};
/* End XCBuildConfiguration section */

/* Begin XCConfigurationList section */
		768FFC9C1DCD4FAF005A788C /* Build configuration list for PBXProject "LoginFB" */ = {
			isa = XCConfigurationList;
			buildConfigurations = (
				768FFCB11DCD4FAF005A788C /* Debug */,
				768FFCB21DCD4FAF005A788C /* Release */,
			);
			defaultConfigurationIsVisible = 0;
			defaultConfigurationName = Release;
		};
		768FFCB31DCD4FAF005A788C /* Build configuration list for PBXNativeTarget "LoginFB" */ = {
			isa = XCConfigurationList;
			buildConfigurations = (
				768FFCB41DCD4FAF005A788C /* Debug */,
				768FFCB51DCD4FAF005A788C /* Release */,
			);
			defaultConfigurationIsVisible = 0;
		};
/* End XCConfigurationList section */
	};
	rootObject = 768FFC991DCD4FAF005A788C /* Project object */;
}
